// !$*UTF8*$!
{
	archiveVersion = 1;
	classes = {
	};
	objectVersion = 50;
	objects = {

/* Begin PBXBuildFile section */
		293696F0CB2FC8E1F9F41FF3 /* Pods_QR_Scores.framework in Frameworks */ = {isa = PBXBuildFile; fileRef = AB359BE6BB2E1F6A7F27E46A /* Pods_QR_Scores.framework */; };
		C3E5E465E8D794054605D256 /* Pods_QR_ScoresTests.framework in Frameworks */ = {isa = PBXBuildFile; fileRef = 5E07D2E8A37101D2B5F90ABA /* Pods_QR_ScoresTests.framework */; };
		E90210D021D8886300BC83DF /* SurveyShareTableViewController.swift in Sources */ = {isa = PBXBuildFile; fileRef = E90210CF21D8886300BC83DF /* SurveyShareTableViewController.swift */; };
		E90210D221D888FE00BC83DF /* SurveyShareTableViewController.storyboard in Resources */ = {isa = PBXBuildFile; fileRef = E90210D121D888FE00BC83DF /* SurveyShareTableViewController.storyboard */; };
		E90210D521D88B0900BC83DF /* QRCodeOperation.swift in Sources */ = {isa = PBXBuildFile; fileRef = E90210D421D88B0900BC83DF /* QRCodeOperation.swift */; };
		E90210D721D88DC200BC83DF /* SurveyShareViewModel.swift in Sources */ = {isa = PBXBuildFile; fileRef = E90210D621D88DC200BC83DF /* SurveyShareViewModel.swift */; };
		E934F2D121B7159400553138 /* CreateSurveyManager.swift in Sources */ = {isa = PBXBuildFile; fileRef = E934F2D021B7159400553138 /* CreateSurveyManager.swift */; };
		E934F2D421B7162300553138 /* User.swift in Sources */ = {isa = PBXBuildFile; fileRef = E934F2D321B7162300553138 /* User.swift */; };
		E934F2D621B7163400553138 /* Survey.swift in Sources */ = {isa = PBXBuildFile; fileRef = E934F2D521B7163400553138 /* Survey.swift */; };
		E95319C921978EA200980985 /* AppDelegate.swift in Sources */ = {isa = PBXBuildFile; fileRef = E95319C821978EA200980985 /* AppDelegate.swift */; };
		E95319CB21978EA200980985 /* LoginRegisterViewController.swift in Sources */ = {isa = PBXBuildFile; fileRef = E95319CA21978EA200980985 /* LoginRegisterViewController.swift */; };
		E95319D021978EA500980985 /* Assets.xcassets in Resources */ = {isa = PBXBuildFile; fileRef = E95319CF21978EA500980985 /* Assets.xcassets */; };
		E95319D321978EA500980985 /* LaunchScreen.storyboard in Resources */ = {isa = PBXBuildFile; fileRef = E95319D121978EA500980985 /* LaunchScreen.storyboard */; };
		E95319DE21978EA600980985 /* QR_ScoresTests.swift in Sources */ = {isa = PBXBuildFile; fileRef = E95319DD21978EA600980985 /* QR_ScoresTests.swift */; };
		E95319EE219790A500980985 /* InternalAPIEndpoints.swift in Sources */ = {isa = PBXBuildFile; fileRef = E95319EB219790A400980985 /* InternalAPIEndpoints.swift */; };
		E95319EF219790A500980985 /* Result.swift in Sources */ = {isa = PBXBuildFile; fileRef = E95319EC219790A400980985 /* Result.swift */; };
		E95319F0219790A500980985 /* Service.swift in Sources */ = {isa = PBXBuildFile; fileRef = E95319ED219790A400980985 /* Service.swift */; };
		E95319F22197A7AE00980985 /* InternalAPI.swift in Sources */ = {isa = PBXBuildFile; fileRef = E95319F12197A7AE00980985 /* InternalAPI.swift */; };
		E95319F42197A84600980985 /* APIUser.swift in Sources */ = {isa = PBXBuildFile; fileRef = E95319F32197A84600980985 /* APIUser.swift */; };
		E95319F62197DBD800980985 /* LoginViewModel.swift in Sources */ = {isa = PBXBuildFile; fileRef = E95319F52197DBD800980985 /* LoginViewModel.swift */; };
		E95319F82197DD1800980985 /* UserPersistence.swift in Sources */ = {isa = PBXBuildFile; fileRef = E95319F72197DD1800980985 /* UserPersistence.swift */; };
		E95319FA2197E8FE00980985 /* Interfacable.swift in Sources */ = {isa = PBXBuildFile; fileRef = E95319F92197E8FE00980985 /* Interfacable.swift */; };
		E95319FC2197EB2500980985 /* LoginRegisterViewController.xib in Resources */ = {isa = PBXBuildFile; fileRef = E95319FB2197EB2500980985 /* LoginRegisterViewController.xib */; };
		E95319FF2197EBFF00980985 /* SurveysViewController.swift in Sources */ = {isa = PBXBuildFile; fileRef = E95319FD2197EBFF00980985 /* SurveysViewController.swift */; };
		E9531A002197EBFF00980985 /* SurveysViewController.xib in Resources */ = {isa = PBXBuildFile; fileRef = E95319FE2197EBFF00980985 /* SurveysViewController.xib */; };
		E9531A022197EC1B00980985 /* SurveysViewModel.swift in Sources */ = {isa = PBXBuildFile; fileRef = E9531A012197EC1B00980985 /* SurveysViewModel.swift */; };
		E9531A042197FBC500980985 /* APISurvey.swift in Sources */ = {isa = PBXBuildFile; fileRef = E9531A032197FBC500980985 /* APISurvey.swift */; };
		E9531A062197FF7700980985 /* ReactiveBox.swift in Sources */ = {isa = PBXBuildFile; fileRef = E9531A052197FF7700980985 /* ReactiveBox.swift */; };
		E9531A0D2198BB6900980985 /* QRGenerator.swift in Sources */ = {isa = PBXBuildFile; fileRef = E9531A0C2198BB6900980985 /* QRGenerator.swift */; };
		E9531A0F2198C73300980985 /* PDFGenerator.swift in Sources */ = {isa = PBXBuildFile; fileRef = E9531A0E2198C73300980985 /* PDFGenerator.swift */; };
		E9531A122198DD8500980985 /* SurveyDetailedViewController.swift in Sources */ = {isa = PBXBuildFile; fileRef = E9531A102198DD8500980985 /* SurveyDetailedViewController.swift */; };
		E9531A132198DD8500980985 /* SurveyDetailedViewController.xib in Resources */ = {isa = PBXBuildFile; fileRef = E9531A112198DD8500980985 /* SurveyDetailedViewController.xib */; };
		E9531A152198E17B00980985 /* CGSizeExtensions.swift in Sources */ = {isa = PBXBuildFile; fileRef = E9531A142198E17B00980985 /* CGSizeExtensions.swift */; };
		E9531A172198E34100980985 /* Survey+UIActivityViewController.swift in Sources */ = {isa = PBXBuildFile; fileRef = E9531A162198E34100980985 /* Survey+UIActivityViewController.swift */; };
		E98036D521C8E9E5002344C7 /* InfoPlist.swift in Sources */ = {isa = PBXBuildFile; fileRef = E98036D421C8E9E5002344C7 /* InfoPlist.swift */; };
		E991C93621CDD01E008F3509 /* Coordinator.swift in Sources */ = {isa = PBXBuildFile; fileRef = E991C93521CDD01E008F3509 /* Coordinator.swift */; };
		E991C93F21CDD458008F3509 /* SurveyTypeViewController.swift in Sources */ = {isa = PBXBuildFile; fileRef = E991C93D21CDD458008F3509 /* SurveyTypeViewController.swift */; };
		E991C94021CDD458008F3509 /* SurveyTypeViewController.xib in Resources */ = {isa = PBXBuildFile; fileRef = E991C93E21CDD458008F3509 /* SurveyTypeViewController.xib */; };
		E991C94221CDDF41008F3509 /* SurveyTypeNavigationController.swift in Sources */ = {isa = PBXBuildFile; fileRef = E991C94121CDDF41008F3509 /* SurveyTypeNavigationController.swift */; };
		E991C94421CDE2EB008F3509 /* UITableViewExtensions.swift in Sources */ = {isa = PBXBuildFile; fileRef = E991C94321CDE2EB008F3509 /* UITableViewExtensions.swift */; };
		E991C94B21CDE60D008F3509 /* SurveyOptionsViewController.swift in Sources */ = {isa = PBXBuildFile; fileRef = E991C94921CDE60D008F3509 /* SurveyOptionsViewController.swift */; };
		E991C94C21CDE60D008F3509 /* SurveyOptionsViewController.xib in Resources */ = {isa = PBXBuildFile; fileRef = E991C94A21CDE60D008F3509 /* SurveyOptionsViewController.xib */; };
		E991C95421CDF428008F3509 /* SurveyTitleViewController.swift in Sources */ = {isa = PBXBuildFile; fileRef = E991C95221CDF428008F3509 /* SurveyTitleViewController.swift */; };
		E991C95521CDF428008F3509 /* SurveyTitleViewController.xib in Resources */ = {isa = PBXBuildFile; fileRef = E991C95321CDF428008F3509 /* SurveyTitleViewController.xib */; };
		E991C95821CDF728008F3509 /* SurveyDescriptionViewController.swift in Sources */ = {isa = PBXBuildFile; fileRef = E991C95621CDF728008F3509 /* SurveyDescriptionViewController.swift */; };
		E991C95921CDF728008F3509 /* SurveyDescriptionViewController.xib in Resources */ = {isa = PBXBuildFile; fileRef = E991C95721CDF728008F3509 /* SurveyDescriptionViewController.xib */; };
		E991C95C21CDF94B008F3509 /* ReviewSurveyViewController.swift in Sources */ = {isa = PBXBuildFile; fileRef = E991C95A21CDF94B008F3509 /* ReviewSurveyViewController.swift */; };
		E991C95D21CDF94B008F3509 /* ReviewSurveyViewController.xib in Resources */ = {isa = PBXBuildFile; fileRef = E991C95B21CDF94B008F3509 /* ReviewSurveyViewController.xib */; };
		E991C95F21CDFB41008F3509 /* UniversalExtensions+UIAlertController.swift in Sources */ = {isa = PBXBuildFile; fileRef = E991C95E21CDFB41008F3509 /* UniversalExtensions+UIAlertController.swift */; };
		E9A91C2421B9D693007BBF6F /* StringExtensions.swift in Sources */ = {isa = PBXBuildFile; fileRef = E9A91C2321B9D693007BBF6F /* StringExtensions.swift */; };
		E9A91C2621B9FA39007BBF6F /* SurveyDescriptor.swift in Sources */ = {isa = PBXBuildFile; fileRef = E9A91C2521B9FA39007BBF6F /* SurveyDescriptor.swift */; };
		E9F4239221CEE33100F1DB5D /* TextFieldTableViewCell.swift in Sources */ = {isa = PBXBuildFile; fileRef = E9F4239021CEE33100F1DB5D /* TextFieldTableViewCell.swift */; };
		E9F4239321CEE33100F1DB5D /* TextFieldTableViewCell.xib in Resources */ = {isa = PBXBuildFile; fileRef = E9F4239121CEE33100F1DB5D /* TextFieldTableViewCell.xib */; };
		E9F4239521CEFFA200F1DB5D /* UniversalExtensions+String.swift in Sources */ = {isa = PBXBuildFile; fileRef = E9F4239421CEFFA200F1DB5D /* UniversalExtensions+String.swift */; };
		E9F4239C21CF075A00F1DB5D /* SurveyTableViewCell.swift in Sources */ = {isa = PBXBuildFile; fileRef = E9F4239621CF075A00F1DB5D /* SurveyTableViewCell.swift */; };
		E9F4239D21CF075A00F1DB5D /* BooleanTableViewCell.swift in Sources */ = {isa = PBXBuildFile; fileRef = E9F4239721CF075A00F1DB5D /* BooleanTableViewCell.swift */; };
		E9F4239E21CF075A00F1DB5D /* SurveyTableViewCell.xib in Resources */ = {isa = PBXBuildFile; fileRef = E9F4239821CF075A00F1DB5D /* SurveyTableViewCell.xib */; };
		E9F4239F21CF075A00F1DB5D /* BooleanTableViewCell.xib in Resources */ = {isa = PBXBuildFile; fileRef = E9F4239921CF075A00F1DB5D /* BooleanTableViewCell.xib */; };
		E9F423A021CF075A00F1DB5D /* SurveyTypeTableViewCell.xib in Resources */ = {isa = PBXBuildFile; fileRef = E9F4239A21CF075A00F1DB5D /* SurveyTypeTableViewCell.xib */; };
		E9F423A121CF075A00F1DB5D /* SurveyTypeTableViewCell.swift in Sources */ = {isa = PBXBuildFile; fileRef = E9F4239B21CF075A00F1DB5D /* SurveyTypeTableViewCell.swift */; };
		E9F423A321CF07DA00F1DB5D /* SurveyDetailedTabBarViewController.swift in Sources */ = {isa = PBXBuildFile; fileRef = E9F423A221CF07DA00F1DB5D /* SurveyDetailedTabBarViewController.swift */; };
		E9F423A621CF0C6C00F1DB5D /* SurveyParticipationViewController.swift in Sources */ = {isa = PBXBuildFile; fileRef = E9F423A421CF0C6C00F1DB5D /* SurveyParticipationViewController.swift */; };
		E9F423A721CF0C6C00F1DB5D /* SurveyParticipationViewController.xib in Resources */ = {isa = PBXBuildFile; fileRef = E9F423A521CF0C6C00F1DB5D /* SurveyParticipationViewController.xib */; };
		E9F423A921CF0EAA00F1DB5D /* DetailedSurveyManager.swift in Sources */ = {isa = PBXBuildFile; fileRef = E9F423A821CF0EAA00F1DB5D /* DetailedSurveyManager.swift */; };
		E9F423AC21CF0F2400F1DB5D /* SurveyParticipantsForScanToVoteViewController.swift in Sources */ = {isa = PBXBuildFile; fileRef = E9F423AB21CF0F2400F1DB5D /* SurveyParticipantsForScanToVoteViewController.swift */; };
		E9F423AF21CF128E00F1DB5D /* SurveyInfoViewController.swift in Sources */ = {isa = PBXBuildFile; fileRef = E9F423AD21CF128E00F1DB5D /* SurveyInfoViewController.swift */; };
		E9F423B021CF128E00F1DB5D /* SurveyInfoViewController.xib in Resources */ = {isa = PBXBuildFile; fileRef = E9F423AE21CF128E00F1DB5D /* SurveyInfoViewController.xib */; };
		E9F423B221CF135F00F1DB5D /* SurveyTabViewController.swift in Sources */ = {isa = PBXBuildFile; fileRef = E9F423B121CF135F00F1DB5D /* SurveyTabViewController.swift */; };
		E9F423B421CF180B00F1DB5D /* SurveyParticipantsForLikeDislikeViewController.swift in Sources */ = {isa = PBXBuildFile; fileRef = E9F423B321CF180B00F1DB5D /* SurveyParticipantsForLikeDislikeViewController.swift */; };
		E9F423B621CF185300F1DB5D /* SurveyParticipantsForSliderAverageViewController.swift in Sources */ = {isa = PBXBuildFile; fileRef = E9F423B521CF185300F1DB5D /* SurveyParticipantsForSliderAverageViewController.swift */; };
		E9F423B821CF185E00F1DB5D /* SurveyParticipantsForSliderHistogramViewController.swift in Sources */ = {isa = PBXBuildFile; fileRef = E9F423B721CF185E00F1DB5D /* SurveyParticipantsForSliderHistogramViewController.swift */; };
/* End PBXBuildFile section */

/* Begin PBXContainerItemProxy section */
		E95319DA21978EA600980985 /* PBXContainerItemProxy */ = {
			isa = PBXContainerItemProxy;
			containerPortal = E95319BD21978EA200980985 /* Project object */;
			proxyType = 1;
			remoteGlobalIDString = E95319C421978EA200980985;
			remoteInfo = "QR Scores";
		};
/* End PBXContainerItemProxy section */

/* Begin PBXFileReference section */
		1F02C00A9428489950812F4F /* Pods-QR Scores.debug.xcconfig */ = {isa = PBXFileReference; includeInIndex = 1; lastKnownFileType = text.xcconfig; name = "Pods-QR Scores.debug.xcconfig"; path = "Pods/Target Support Files/Pods-QR Scores/Pods-QR Scores.debug.xcconfig"; sourceTree = "<group>"; };
		2BD87F8CE47E56A103E5AD26 /* Pods-QR Scores.release.xcconfig */ = {isa = PBXFileReference; includeInIndex = 1; lastKnownFileType = text.xcconfig; name = "Pods-QR Scores.release.xcconfig"; path = "Pods/Target Support Files/Pods-QR Scores/Pods-QR Scores.release.xcconfig"; sourceTree = "<group>"; };
		5E07D2E8A37101D2B5F90ABA /* Pods_QR_ScoresTests.framework */ = {isa = PBXFileReference; explicitFileType = wrapper.framework; includeInIndex = 0; path = Pods_QR_ScoresTests.framework; sourceTree = BUILT_PRODUCTS_DIR; };
		A219052E1D7512672A2E2552 /* Pods-QR ScoresTests.debug.xcconfig */ = {isa = PBXFileReference; includeInIndex = 1; lastKnownFileType = text.xcconfig; name = "Pods-QR ScoresTests.debug.xcconfig"; path = "Pods/Target Support Files/Pods-QR ScoresTests/Pods-QR ScoresTests.debug.xcconfig"; sourceTree = "<group>"; };
		AB359BE6BB2E1F6A7F27E46A /* Pods_QR_Scores.framework */ = {isa = PBXFileReference; explicitFileType = wrapper.framework; includeInIndex = 0; path = Pods_QR_Scores.framework; sourceTree = BUILT_PRODUCTS_DIR; };
		BC6DCC3E46FB1D993C99C172 /* Pods-QR ScoresTests.development.xcconfig */ = {isa = PBXFileReference; includeInIndex = 1; lastKnownFileType = text.xcconfig; name = "Pods-QR ScoresTests.development.xcconfig"; path = "Pods/Target Support Files/Pods-QR ScoresTests/Pods-QR ScoresTests.development.xcconfig"; sourceTree = "<group>"; };
		E90210CF21D8886300BC83DF /* SurveyShareTableViewController.swift */ = {isa = PBXFileReference; lastKnownFileType = sourcecode.swift; path = SurveyShareTableViewController.swift; sourceTree = "<group>"; };
		E90210D121D888FE00BC83DF /* SurveyShareTableViewController.storyboard */ = {isa = PBXFileReference; lastKnownFileType = file.storyboard; path = SurveyShareTableViewController.storyboard; sourceTree = "<group>"; };
		E90210D421D88B0900BC83DF /* QRCodeOperation.swift */ = {isa = PBXFileReference; lastKnownFileType = sourcecode.swift; path = QRCodeOperation.swift; sourceTree = "<group>"; };
		E90210D621D88DC200BC83DF /* SurveyShareViewModel.swift */ = {isa = PBXFileReference; lastKnownFileType = sourcecode.swift; path = SurveyShareViewModel.swift; sourceTree = "<group>"; };
		E934F2D021B7159400553138 /* CreateSurveyManager.swift */ = {isa = PBXFileReference; lastKnownFileType = sourcecode.swift; path = CreateSurveyManager.swift; sourceTree = "<group>"; };
		E934F2D321B7162300553138 /* User.swift */ = {isa = PBXFileReference; lastKnownFileType = sourcecode.swift; path = User.swift; sourceTree = "<group>"; };
		E934F2D521B7163400553138 /* Survey.swift */ = {isa = PBXFileReference; lastKnownFileType = sourcecode.swift; path = Survey.swift; sourceTree = "<group>"; };
		E95319C521978EA200980985 /* QR Scores.app */ = {isa = PBXFileReference; explicitFileType = wrapper.application; includeInIndex = 0; path = "QR Scores.app"; sourceTree = BUILT_PRODUCTS_DIR; };
		E95319C821978EA200980985 /* AppDelegate.swift */ = {isa = PBXFileReference; lastKnownFileType = sourcecode.swift; path = AppDelegate.swift; sourceTree = "<group>"; };
		E95319CA21978EA200980985 /* LoginRegisterViewController.swift */ = {isa = PBXFileReference; lastKnownFileType = sourcecode.swift; path = LoginRegisterViewController.swift; sourceTree = "<group>"; };
		E95319CF21978EA500980985 /* Assets.xcassets */ = {isa = PBXFileReference; lastKnownFileType = folder.assetcatalog; path = Assets.xcassets; sourceTree = "<group>"; };
		E95319D221978EA500980985 /* Base */ = {isa = PBXFileReference; lastKnownFileType = file.storyboard; name = Base; path = Base.lproj/LaunchScreen.storyboard; sourceTree = "<group>"; };
		E95319D421978EA500980985 /* Info.plist */ = {isa = PBXFileReference; lastKnownFileType = text.plist.xml; path = Info.plist; sourceTree = "<group>"; };
		E95319D921978EA600980985 /* QR ScoresTests.xctest */ = {isa = PBXFileReference; explicitFileType = wrapper.cfbundle; includeInIndex = 0; path = "QR ScoresTests.xctest"; sourceTree = BUILT_PRODUCTS_DIR; };
		E95319DD21978EA600980985 /* QR_ScoresTests.swift */ = {isa = PBXFileReference; lastKnownFileType = sourcecode.swift; path = QR_ScoresTests.swift; sourceTree = "<group>"; };
		E95319DF21978EA600980985 /* Info.plist */ = {isa = PBXFileReference; lastKnownFileType = text.plist.xml; path = Info.plist; sourceTree = "<group>"; };
		E95319EB219790A400980985 /* InternalAPIEndpoints.swift */ = {isa = PBXFileReference; fileEncoding = 4; lastKnownFileType = sourcecode.swift; path = InternalAPIEndpoints.swift; sourceTree = "<group>"; };
		E95319EC219790A400980985 /* Result.swift */ = {isa = PBXFileReference; fileEncoding = 4; lastKnownFileType = sourcecode.swift; path = Result.swift; sourceTree = "<group>"; };
		E95319ED219790A400980985 /* Service.swift */ = {isa = PBXFileReference; fileEncoding = 4; lastKnownFileType = sourcecode.swift; path = Service.swift; sourceTree = "<group>"; };
		E95319F12197A7AE00980985 /* InternalAPI.swift */ = {isa = PBXFileReference; lastKnownFileType = sourcecode.swift; path = InternalAPI.swift; sourceTree = "<group>"; };
		E95319F32197A84600980985 /* APIUser.swift */ = {isa = PBXFileReference; lastKnownFileType = sourcecode.swift; path = APIUser.swift; sourceTree = "<group>"; };
		E95319F52197DBD800980985 /* LoginViewModel.swift */ = {isa = PBXFileReference; lastKnownFileType = sourcecode.swift; path = LoginViewModel.swift; sourceTree = "<group>"; };
		E95319F72197DD1800980985 /* UserPersistence.swift */ = {isa = PBXFileReference; lastKnownFileType = sourcecode.swift; path = UserPersistence.swift; sourceTree = "<group>"; };
		E95319F92197E8FE00980985 /* Interfacable.swift */ = {isa = PBXFileReference; lastKnownFileType = sourcecode.swift; path = Interfacable.swift; sourceTree = "<group>"; };
		E95319FB2197EB2500980985 /* LoginRegisterViewController.xib */ = {isa = PBXFileReference; lastKnownFileType = file.xib; path = LoginRegisterViewController.xib; sourceTree = "<group>"; };
		E95319FD2197EBFF00980985 /* SurveysViewController.swift */ = {isa = PBXFileReference; lastKnownFileType = sourcecode.swift; path = SurveysViewController.swift; sourceTree = "<group>"; };
		E95319FE2197EBFF00980985 /* SurveysViewController.xib */ = {isa = PBXFileReference; lastKnownFileType = file.xib; path = SurveysViewController.xib; sourceTree = "<group>"; };
		E9531A012197EC1B00980985 /* SurveysViewModel.swift */ = {isa = PBXFileReference; lastKnownFileType = sourcecode.swift; path = SurveysViewModel.swift; sourceTree = "<group>"; };
		E9531A032197FBC500980985 /* APISurvey.swift */ = {isa = PBXFileReference; lastKnownFileType = sourcecode.swift; path = APISurvey.swift; sourceTree = "<group>"; };
		E9531A052197FF7700980985 /* ReactiveBox.swift */ = {isa = PBXFileReference; lastKnownFileType = sourcecode.swift; path = ReactiveBox.swift; sourceTree = "<group>"; };
		E9531A0C2198BB6900980985 /* QRGenerator.swift */ = {isa = PBXFileReference; fileEncoding = 4; lastKnownFileType = sourcecode.swift; path = QRGenerator.swift; sourceTree = "<group>"; };
		E9531A0E2198C73300980985 /* PDFGenerator.swift */ = {isa = PBXFileReference; lastKnownFileType = sourcecode.swift; path = PDFGenerator.swift; sourceTree = "<group>"; };
		E9531A102198DD8500980985 /* SurveyDetailedViewController.swift */ = {isa = PBXFileReference; lastKnownFileType = sourcecode.swift; path = SurveyDetailedViewController.swift; sourceTree = "<group>"; };
		E9531A112198DD8500980985 /* SurveyDetailedViewController.xib */ = {isa = PBXFileReference; lastKnownFileType = file.xib; path = SurveyDetailedViewController.xib; sourceTree = "<group>"; };
		E9531A142198E17B00980985 /* CGSizeExtensions.swift */ = {isa = PBXFileReference; lastKnownFileType = sourcecode.swift; path = CGSizeExtensions.swift; sourceTree = "<group>"; };
		E9531A162198E34100980985 /* Survey+UIActivityViewController.swift */ = {isa = PBXFileReference; lastKnownFileType = sourcecode.swift; path = "Survey+UIActivityViewController.swift"; sourceTree = "<group>"; };
		E98036D421C8E9E5002344C7 /* InfoPlist.swift */ = {isa = PBXFileReference; fileEncoding = 4; lastKnownFileType = sourcecode.swift; path = InfoPlist.swift; sourceTree = "<group>"; };
		E98036D921C8EA6A002344C7 /* Development.xcconfig */ = {isa = PBXFileReference; lastKnownFileType = text.xcconfig; path = Development.xcconfig; sourceTree = "<group>"; };
		E98036DA21C8EABD002344C7 /* Production.xcconfig */ = {isa = PBXFileReference; lastKnownFileType = text.xcconfig; path = Production.xcconfig; sourceTree = "<group>"; };
		E98036DB21C8EB5D002344C7 /* Release.xcconfig */ = {isa = PBXFileReference; lastKnownFileType = text.xcconfig; path = Release.xcconfig; sourceTree = "<group>"; };
		E991C93521CDD01E008F3509 /* Coordinator.swift */ = {isa = PBXFileReference; lastKnownFileType = sourcecode.swift; path = Coordinator.swift; sourceTree = "<group>"; };
		E991C93D21CDD458008F3509 /* SurveyTypeViewController.swift */ = {isa = PBXFileReference; lastKnownFileType = sourcecode.swift; path = SurveyTypeViewController.swift; sourceTree = "<group>"; };
		E991C93E21CDD458008F3509 /* SurveyTypeViewController.xib */ = {isa = PBXFileReference; lastKnownFileType = file.xib; path = SurveyTypeViewController.xib; sourceTree = "<group>"; };
		E991C94121CDDF41008F3509 /* SurveyTypeNavigationController.swift */ = {isa = PBXFileReference; lastKnownFileType = sourcecode.swift; path = SurveyTypeNavigationController.swift; sourceTree = "<group>"; };
		E991C94321CDE2EB008F3509 /* UITableViewExtensions.swift */ = {isa = PBXFileReference; lastKnownFileType = sourcecode.swift; path = UITableViewExtensions.swift; sourceTree = "<group>"; };
		E991C94921CDE60D008F3509 /* SurveyOptionsViewController.swift */ = {isa = PBXFileReference; lastKnownFileType = sourcecode.swift; path = SurveyOptionsViewController.swift; sourceTree = "<group>"; };
		E991C94A21CDE60D008F3509 /* SurveyOptionsViewController.xib */ = {isa = PBXFileReference; lastKnownFileType = file.xib; path = SurveyOptionsViewController.xib; sourceTree = "<group>"; };
		E991C95221CDF428008F3509 /* SurveyTitleViewController.swift */ = {isa = PBXFileReference; lastKnownFileType = sourcecode.swift; path = SurveyTitleViewController.swift; sourceTree = "<group>"; };
		E991C95321CDF428008F3509 /* SurveyTitleViewController.xib */ = {isa = PBXFileReference; lastKnownFileType = file.xib; path = SurveyTitleViewController.xib; sourceTree = "<group>"; };
		E991C95621CDF728008F3509 /* SurveyDescriptionViewController.swift */ = {isa = PBXFileReference; lastKnownFileType = sourcecode.swift; path = SurveyDescriptionViewController.swift; sourceTree = "<group>"; };
		E991C95721CDF728008F3509 /* SurveyDescriptionViewController.xib */ = {isa = PBXFileReference; lastKnownFileType = file.xib; path = SurveyDescriptionViewController.xib; sourceTree = "<group>"; };
		E991C95A21CDF94B008F3509 /* ReviewSurveyViewController.swift */ = {isa = PBXFileReference; lastKnownFileType = sourcecode.swift; path = ReviewSurveyViewController.swift; sourceTree = "<group>"; };
		E991C95B21CDF94B008F3509 /* ReviewSurveyViewController.xib */ = {isa = PBXFileReference; lastKnownFileType = file.xib; path = ReviewSurveyViewController.xib; sourceTree = "<group>"; };
		E991C95E21CDFB41008F3509 /* UniversalExtensions+UIAlertController.swift */ = {isa = PBXFileReference; fileEncoding = 4; lastKnownFileType = sourcecode.swift; path = "UniversalExtensions+UIAlertController.swift"; sourceTree = "<group>"; };
		E9A91C2321B9D693007BBF6F /* StringExtensions.swift */ = {isa = PBXFileReference; lastKnownFileType = sourcecode.swift; path = StringExtensions.swift; sourceTree = "<group>"; };
		E9A91C2521B9FA39007BBF6F /* SurveyDescriptor.swift */ = {isa = PBXFileReference; lastKnownFileType = sourcecode.swift; path = SurveyDescriptor.swift; sourceTree = "<group>"; };
		E9F4239021CEE33100F1DB5D /* TextFieldTableViewCell.swift */ = {isa = PBXFileReference; lastKnownFileType = sourcecode.swift; name = TextFieldTableViewCell.swift; path = "QR Scores/TextFieldTableViewCell.swift"; sourceTree = "<group>"; };
		E9F4239121CEE33100F1DB5D /* TextFieldTableViewCell.xib */ = {isa = PBXFileReference; lastKnownFileType = file.xib; name = TextFieldTableViewCell.xib; path = "QR Scores/TextFieldTableViewCell.xib"; sourceTree = "<group>"; };
		E9F4239421CEFFA200F1DB5D /* UniversalExtensions+String.swift */ = {isa = PBXFileReference; fileEncoding = 4; lastKnownFileType = sourcecode.swift; path = "UniversalExtensions+String.swift"; sourceTree = "<group>"; };
		E9F4239621CF075A00F1DB5D /* SurveyTableViewCell.swift */ = {isa = PBXFileReference; fileEncoding = 4; lastKnownFileType = sourcecode.swift; name = SurveyTableViewCell.swift; path = "QR Scores/SurveyTableViewCell.swift"; sourceTree = "<group>"; };
		E9F4239721CF075A00F1DB5D /* BooleanTableViewCell.swift */ = {isa = PBXFileReference; fileEncoding = 4; lastKnownFileType = sourcecode.swift; name = BooleanTableViewCell.swift; path = "QR Scores/BooleanTableViewCell.swift"; sourceTree = "<group>"; };
		E9F4239821CF075A00F1DB5D /* SurveyTableViewCell.xib */ = {isa = PBXFileReference; fileEncoding = 4; lastKnownFileType = file.xib; name = SurveyTableViewCell.xib; path = "QR Scores/SurveyTableViewCell.xib"; sourceTree = "<group>"; };
		E9F4239921CF075A00F1DB5D /* BooleanTableViewCell.xib */ = {isa = PBXFileReference; fileEncoding = 4; lastKnownFileType = file.xib; name = BooleanTableViewCell.xib; path = "QR Scores/BooleanTableViewCell.xib"; sourceTree = "<group>"; };
		E9F4239A21CF075A00F1DB5D /* SurveyTypeTableViewCell.xib */ = {isa = PBXFileReference; fileEncoding = 4; lastKnownFileType = file.xib; name = SurveyTypeTableViewCell.xib; path = "QR Scores/SurveyTypeTableViewCell.xib"; sourceTree = "<group>"; };
		E9F4239B21CF075A00F1DB5D /* SurveyTypeTableViewCell.swift */ = {isa = PBXFileReference; fileEncoding = 4; lastKnownFileType = sourcecode.swift; name = SurveyTypeTableViewCell.swift; path = "QR Scores/SurveyTypeTableViewCell.swift"; sourceTree = "<group>"; };
		E9F423A221CF07DA00F1DB5D /* SurveyDetailedTabBarViewController.swift */ = {isa = PBXFileReference; lastKnownFileType = sourcecode.swift; path = SurveyDetailedTabBarViewController.swift; sourceTree = "<group>"; };
		E9F423A421CF0C6C00F1DB5D /* SurveyParticipationViewController.swift */ = {isa = PBXFileReference; lastKnownFileType = sourcecode.swift; path = SurveyParticipationViewController.swift; sourceTree = "<group>"; };
		E9F423A521CF0C6C00F1DB5D /* SurveyParticipationViewController.xib */ = {isa = PBXFileReference; lastKnownFileType = file.xib; path = SurveyParticipationViewController.xib; sourceTree = "<group>"; };
		E9F423A821CF0EAA00F1DB5D /* DetailedSurveyManager.swift */ = {isa = PBXFileReference; lastKnownFileType = sourcecode.swift; path = DetailedSurveyManager.swift; sourceTree = "<group>"; };
		E9F423AB21CF0F2400F1DB5D /* SurveyParticipantsForScanToVoteViewController.swift */ = {isa = PBXFileReference; lastKnownFileType = sourcecode.swift; path = SurveyParticipantsForScanToVoteViewController.swift; sourceTree = "<group>"; };
		E9F423AD21CF128E00F1DB5D /* SurveyInfoViewController.swift */ = {isa = PBXFileReference; lastKnownFileType = sourcecode.swift; path = SurveyInfoViewController.swift; sourceTree = "<group>"; };
		E9F423AE21CF128E00F1DB5D /* SurveyInfoViewController.xib */ = {isa = PBXFileReference; lastKnownFileType = file.xib; path = SurveyInfoViewController.xib; sourceTree = "<group>"; };
		E9F423B121CF135F00F1DB5D /* SurveyTabViewController.swift */ = {isa = PBXFileReference; lastKnownFileType = sourcecode.swift; path = SurveyTabViewController.swift; sourceTree = "<group>"; };
		E9F423B321CF180B00F1DB5D /* SurveyParticipantsForLikeDislikeViewController.swift */ = {isa = PBXFileReference; lastKnownFileType = sourcecode.swift; path = SurveyParticipantsForLikeDislikeViewController.swift; sourceTree = "<group>"; };
		E9F423B521CF185300F1DB5D /* SurveyParticipantsForSliderAverageViewController.swift */ = {isa = PBXFileReference; lastKnownFileType = sourcecode.swift; path = SurveyParticipantsForSliderAverageViewController.swift; sourceTree = "<group>"; };
		E9F423B721CF185E00F1DB5D /* SurveyParticipantsForSliderHistogramViewController.swift */ = {isa = PBXFileReference; lastKnownFileType = sourcecode.swift; path = SurveyParticipantsForSliderHistogramViewController.swift; sourceTree = "<group>"; };
		F2BCC4CF97A941A3F6FB3B01 /* Pods-QR ScoresTests.production.xcconfig */ = {isa = PBXFileReference; includeInIndex = 1; lastKnownFileType = text.xcconfig; name = "Pods-QR ScoresTests.production.xcconfig"; path = "Pods/Target Support Files/Pods-QR ScoresTests/Pods-QR ScoresTests.production.xcconfig"; sourceTree = "<group>"; };
		F5300C66B0DF1962B84A16AE /* Pods-QR ScoresTests.release.xcconfig */ = {isa = PBXFileReference; includeInIndex = 1; lastKnownFileType = text.xcconfig; name = "Pods-QR ScoresTests.release.xcconfig"; path = "Pods/Target Support Files/Pods-QR ScoresTests/Pods-QR ScoresTests.release.xcconfig"; sourceTree = "<group>"; };
/* End PBXFileReference section */

/* Begin PBXFrameworksBuildPhase section */
		E95319C221978EA200980985 /* Frameworks */ = {
			isa = PBXFrameworksBuildPhase;
			buildActionMask = 2147483647;
			files = (
				293696F0CB2FC8E1F9F41FF3 /* Pods_QR_Scores.framework in Frameworks */,
			);
			runOnlyForDeploymentPostprocessing = 0;
		};
		E95319D621978EA600980985 /* Frameworks */ = {
			isa = PBXFrameworksBuildPhase;
			buildActionMask = 2147483647;
			files = (
				C3E5E465E8D794054605D256 /* Pods_QR_ScoresTests.framework in Frameworks */,
			);
			runOnlyForDeploymentPostprocessing = 0;
		};
/* End PBXFrameworksBuildPhase section */

/* Begin PBXGroup section */
		054B087CAD3FD6990F3238FE /* Pods */ = {
			isa = PBXGroup;
			children = (
				1F02C00A9428489950812F4F /* Pods-QR Scores.debug.xcconfig */,
				2BD87F8CE47E56A103E5AD26 /* Pods-QR Scores.release.xcconfig */,
				A219052E1D7512672A2E2552 /* Pods-QR ScoresTests.debug.xcconfig */,
				F5300C66B0DF1962B84A16AE /* Pods-QR ScoresTests.release.xcconfig */,
				BC6DCC3E46FB1D993C99C172 /* Pods-QR ScoresTests.development.xcconfig */,
				F2BCC4CF97A941A3F6FB3B01 /* Pods-QR ScoresTests.production.xcconfig */,
			);
			name = Pods;
			sourceTree = "<group>";
		};
		6EBEE597B845D26E32626BC8 /* Frameworks */ = {
			isa = PBXGroup;
			children = (
				AB359BE6BB2E1F6A7F27E46A /* Pods_QR_Scores.framework */,
				5E07D2E8A37101D2B5F90ABA /* Pods_QR_ScoresTests.framework */,
			);
			name = Frameworks;
			sourceTree = "<group>";
		};
		E90210CE21D887EF00BC83DF /* TRASH */ = {
			isa = PBXGroup;
			children = (
				E9531A102198DD8500980985 /* SurveyDetailedViewController.swift */,
				E9531A112198DD8500980985 /* SurveyDetailedViewController.xib */,
			);
			name = TRASH;
			sourceTree = "<group>";
		};
		E90210D321D88AE800BC83DF /* Operations */ = {
			isa = PBXGroup;
			children = (
				E90210D421D88B0900BC83DF /* QRCodeOperation.swift */,
			);
			name = Operations;
			sourceTree = "<group>";
		};
		E9189FC521C31C3300C4132A /* Login */ = {
			isa = PBXGroup;
			children = (
				E95319F52197DBD800980985 /* LoginViewModel.swift */,
				E95319CA21978EA200980985 /* LoginRegisterViewController.swift */,
				E95319FB2197EB2500980985 /* LoginRegisterViewController.xib */,
			);
			name = Login;
			sourceTree = "<group>";
		};
		E9189FC621C31C4000C4132A /* My Surveys */ = {
			isa = PBXGroup;
			children = (
				E9531A012197EC1B00980985 /* SurveysViewModel.swift */,
				E95319FD2197EBFF00980985 /* SurveysViewController.swift */,
				E95319FE2197EBFF00980985 /* SurveysViewController.xib */,
				E9189FC721C31C5100C4132A /* Detailed Vc */,
			);
			name = "My Surveys";
			sourceTree = "<group>";
		};
		E9189FC721C31C5100C4132A /* Detailed Vc */ = {
			isa = PBXGroup;
			children = (
				E9F423A821CF0EAA00F1DB5D /* DetailedSurveyManager.swift */,
				E9F423A221CF07DA00F1DB5D /* SurveyDetailedTabBarViewController.swift */,
				E9F423B121CF135F00F1DB5D /* SurveyTabViewController.swift */,
				E9F423AD21CF128E00F1DB5D /* SurveyInfoViewController.swift */,
				E9F423AE21CF128E00F1DB5D /* SurveyInfoViewController.xib */,
				E9F423AA21CF0EDA00F1DB5D /* Participants */,
				E90210D621D88DC200BC83DF /* SurveyShareViewModel.swift */,
				E90210CF21D8886300BC83DF /* SurveyShareTableViewController.swift */,
				E90210D121D888FE00BC83DF /* SurveyShareTableViewController.storyboard */,
				E90210CE21D887EF00BC83DF /* TRASH */,
			);
			name = "Detailed Vc";
			sourceTree = "<group>";
		};
		E934F2CF21B7157600553138 /* Create a Survey */ = {
			isa = PBXGroup;
			children = (
				E934F2D021B7159400553138 /* CreateSurveyManager.swift */,
				E991C94121CDDF41008F3509 /* SurveyTypeNavigationController.swift */,
				E991C93D21CDD458008F3509 /* SurveyTypeViewController.swift */,
				E991C93E21CDD458008F3509 /* SurveyTypeViewController.xib */,
				E991C94921CDE60D008F3509 /* SurveyOptionsViewController.swift */,
				E991C94A21CDE60D008F3509 /* SurveyOptionsViewController.xib */,
				E991C95221CDF428008F3509 /* SurveyTitleViewController.swift */,
				E991C95321CDF428008F3509 /* SurveyTitleViewController.xib */,
				E991C95621CDF728008F3509 /* SurveyDescriptionViewController.swift */,
				E991C95721CDF728008F3509 /* SurveyDescriptionViewController.xib */,
				E991C95A21CDF94B008F3509 /* ReviewSurveyViewController.swift */,
				E991C95B21CDF94B008F3509 /* ReviewSurveyViewController.xib */,
			);
			name = "Create a Survey";
			sourceTree = "<group>";
		};
		E934F2D221B715F100553138 /* Models */ = {
			isa = PBXGroup;
			children = (
				E934F2D321B7162300553138 /* User.swift */,
				E934F2D521B7163400553138 /* Survey.swift */,
				E9A91C2521B9FA39007BBF6F /* SurveyDescriptor.swift */,
			);
			name = Models;
			sourceTree = "<group>";
		};
		E9408C012199145500A2FC47 /* Stacks */ = {
			isa = PBXGroup;
			children = (
				E90210D321D88AE800BC83DF /* Operations */,
				E95319E82197906500980985 /* Networking */,
				E95319F72197DD1800980985 /* UserPersistence.swift */,
				E9531A0C2198BB6900980985 /* QRGenerator.swift */,
				E9531A0E2198C73300980985 /* PDFGenerator.swift */,
				E9531A052197FF7700980985 /* ReactiveBox.swift */,
				E98036D421C8E9E5002344C7 /* InfoPlist.swift */,
				E991C93521CDD01E008F3509 /* Coordinator.swift */,
			);
			name = Stacks;
			sourceTree = "<group>";
		};
		E9408C022199149A00A2FC47 /* Extensions */ = {
			isa = PBXGroup;
			children = (
				E95319F92197E8FE00980985 /* Interfacable.swift */,
				E9531A142198E17B00980985 /* CGSizeExtensions.swift */,
				E9531A162198E34100980985 /* Survey+UIActivityViewController.swift */,
				E9A91C2321B9D693007BBF6F /* StringExtensions.swift */,
				E991C94321CDE2EB008F3509 /* UITableViewExtensions.swift */,
				E9F4239421CEFFA200F1DB5D /* UniversalExtensions+String.swift */,
				E991C95E21CDFB41008F3509 /* UniversalExtensions+UIAlertController.swift */,
			);
			name = Extensions;
			sourceTree = "<group>";
		};
		E95319BC21978EA200980985 = {
			isa = PBXGroup;
			children = (
				E95319C721978EA200980985 /* QR Scores */,
				E95319DC21978EA600980985 /* QR ScoresTests */,
				E95319C621978EA200980985 /* Products */,
				054B087CAD3FD6990F3238FE /* Pods */,
				6EBEE597B845D26E32626BC8 /* Frameworks */,
			);
			sourceTree = "<group>";
		};
		E95319C621978EA200980985 /* Products */ = {
			isa = PBXGroup;
			children = (
				E95319C521978EA200980985 /* QR Scores.app */,
				E95319D921978EA600980985 /* QR ScoresTests.xctest */,
			);
			name = Products;
			sourceTree = "<group>";
		};
		E95319C721978EA200980985 /* QR Scores */ = {
			isa = PBXGroup;
			children = (
				E95319C821978EA200980985 /* AppDelegate.swift */,
				E95319E92197907400980985 /* View Heirarchy */,
				E9408C012199145500A2FC47 /* Stacks */,
				E934F2D221B715F100553138 /* Models */,
				E9408C022199149A00A2FC47 /* Extensions */,
				E991C95121CDF3DB008F3509 /* UICustom */,
				E95319EA2197908200980985 /* Supporting Files */,
			);
			path = "QR Scores";
			sourceTree = "<group>";
		};
		E95319DC21978EA600980985 /* QR ScoresTests */ = {
			isa = PBXGroup;
			children = (
				E95319DD21978EA600980985 /* QR_ScoresTests.swift */,
				E95319DF21978EA600980985 /* Info.plist */,
			);
			path = "QR ScoresTests";
			sourceTree = "<group>";
		};
		E95319E82197906500980985 /* Networking */ = {
			isa = PBXGroup;
			children = (
				E95319F32197A84600980985 /* APIUser.swift */,
				E9531A032197FBC500980985 /* APISurvey.swift */,
				E95319EB219790A400980985 /* InternalAPIEndpoints.swift */,
				E95319F12197A7AE00980985 /* InternalAPI.swift */,
				E95319EC219790A400980985 /* Result.swift */,
				E95319ED219790A400980985 /* Service.swift */,
			);
			name = Networking;
			sourceTree = "<group>";
		};
		E95319E92197907400980985 /* View Heirarchy */ = {
			isa = PBXGroup;
			children = (
				E9189FC521C31C3300C4132A /* Login */,
				E9189FC621C31C4000C4132A /* My Surveys */,
				E934F2CF21B7157600553138 /* Create a Survey */,
			);
			name = "View Heirarchy";
			sourceTree = "<group>";
		};
		E95319EA2197908200980985 /* Supporting Files */ = {
			isa = PBXGroup;
			children = (
				E95319CF21978EA500980985 /* Assets.xcassets */,
				E95319D121978EA500980985 /* LaunchScreen.storyboard */,
				E95319D421978EA500980985 /* Info.plist */,
				E98036D921C8EA6A002344C7 /* Development.xcconfig */,
				E98036DA21C8EABD002344C7 /* Production.xcconfig */,
				E98036DB21C8EB5D002344C7 /* Release.xcconfig */,
			);
			name = "Supporting Files";
			sourceTree = "<group>";
		};
		E991C95121CDF3DB008F3509 /* UICustom */ = {
			isa = PBXGroup;
			children = (
				E9F4239721CF075A00F1DB5D /* BooleanTableViewCell.swift */,
				E9F4239921CF075A00F1DB5D /* BooleanTableViewCell.xib */,
				E9F4239621CF075A00F1DB5D /* SurveyTableViewCell.swift */,
				E9F4239821CF075A00F1DB5D /* SurveyTableViewCell.xib */,
				E9F4239B21CF075A00F1DB5D /* SurveyTypeTableViewCell.swift */,
				E9F4239A21CF075A00F1DB5D /* SurveyTypeTableViewCell.xib */,
				E9F4239021CEE33100F1DB5D /* TextFieldTableViewCell.swift */,
				E9F4239121CEE33100F1DB5D /* TextFieldTableViewCell.xib */,
			);
			name = UICustom;
			path = ..;
			sourceTree = "<group>";
		};
		E9F423AA21CF0EDA00F1DB5D /* Participants */ = {
			isa = PBXGroup;
			children = (
				E9F423A421CF0C6C00F1DB5D /* SurveyParticipationViewController.swift */,
				E9F423A521CF0C6C00F1DB5D /* SurveyParticipationViewController.xib */,
				E9F423AB21CF0F2400F1DB5D /* SurveyParticipantsForScanToVoteViewController.swift */,
				E9F423B321CF180B00F1DB5D /* SurveyParticipantsForLikeDislikeViewController.swift */,
				E9F423B521CF185300F1DB5D /* SurveyParticipantsForSliderAverageViewController.swift */,
				E9F423B721CF185E00F1DB5D /* SurveyParticipantsForSliderHistogramViewController.swift */,
			);
			name = Participants;
			sourceTree = "<group>";
		};
/* End PBXGroup section */

/* Begin PBXNativeTarget section */
		E95319C421978EA200980985 /* QR Scores */ = {
			isa = PBXNativeTarget;
			buildConfigurationList = E95319E221978EA600980985 /* Build configuration list for PBXNativeTarget "QR Scores" */;
			buildPhases = (
				CE96F83F9594EBDB3376ED09 /* [CP] Check Pods Manifest.lock */,
				E95319C121978EA200980985 /* Sources */,
				E95319C221978EA200980985 /* Frameworks */,
				E95319C321978EA200980985 /* Resources */,
				C95909499D8877CACAF0B5D6 /* [CP] Embed Pods Frameworks */,
			);
			buildRules = (
			);
			dependencies = (
			);
			name = "QR Scores";
			productName = "QR Scores";
			productReference = E95319C521978EA200980985 /* QR Scores.app */;
			productType = "com.apple.product-type.application";
		};
		E95319D821978EA600980985 /* QR ScoresTests */ = {
			isa = PBXNativeTarget;
			buildConfigurationList = E95319E521978EA600980985 /* Build configuration list for PBXNativeTarget "QR ScoresTests" */;
			buildPhases = (
				1E687EDCCF6139DAAB2C65FF /* [CP] Check Pods Manifest.lock */,
				E95319D521978EA600980985 /* Sources */,
				E95319D621978EA600980985 /* Frameworks */,
				E95319D721978EA600980985 /* Resources */,
			);
			buildRules = (
			);
			dependencies = (
				E95319DB21978EA600980985 /* PBXTargetDependency */,
			);
			name = "QR ScoresTests";
			productName = "QR ScoresTests";
			productReference = E95319D921978EA600980985 /* QR ScoresTests.xctest */;
			productType = "com.apple.product-type.bundle.unit-test";
		};
/* End PBXNativeTarget section */

/* Begin PBXProject section */
		E95319BD21978EA200980985 /* Project object */ = {
			isa = PBXProject;
			attributes = {
				LastSwiftUpdateCheck = 1000;
				LastUpgradeCheck = 1000;
				ORGANIZATIONNAME = LinnierGames;
				TargetAttributes = {
					E95319C421978EA200980985 = {
						CreatedOnToolsVersion = 10.0;
					};
					E95319D821978EA600980985 = {
						CreatedOnToolsVersion = 10.0;
						TestTargetID = E95319C421978EA200980985;
					};
				};
			};
			buildConfigurationList = E95319C021978EA200980985 /* Build configuration list for PBXProject "QR Scores" */;
			compatibilityVersion = "Xcode 9.3";
			developmentRegion = en;
			hasScannedForEncodings = 0;
			knownRegions = (
				en,
				Base,
			);
			mainGroup = E95319BC21978EA200980985;
			productRefGroup = E95319C621978EA200980985 /* Products */;
			projectDirPath = "";
			projectRoot = "";
			targets = (
				E95319C421978EA200980985 /* QR Scores */,
				E95319D821978EA600980985 /* QR ScoresTests */,
			);
		};
/* End PBXProject section */

/* Begin PBXResourcesBuildPhase section */
		E95319C321978EA200980985 /* Resources */ = {
			isa = PBXResourcesBuildPhase;
			buildActionMask = 2147483647;
			files = (
				E991C95921CDF728008F3509 /* SurveyDescriptionViewController.xib in Resources */,
				E95319D321978EA500980985 /* LaunchScreen.storyboard in Resources */,
				E9531A132198DD8500980985 /* SurveyDetailedViewController.xib in Resources */,
				E991C95D21CDF94B008F3509 /* ReviewSurveyViewController.xib in Resources */,
				E95319FC2197EB2500980985 /* LoginRegisterViewController.xib in Resources */,
				E9F4239E21CF075A00F1DB5D /* SurveyTableViewCell.xib in Resources */,
				E9F423B021CF128E00F1DB5D /* SurveyInfoViewController.xib in Resources */,
				E991C94021CDD458008F3509 /* SurveyTypeViewController.xib in Resources */,
				E9F423A021CF075A00F1DB5D /* SurveyTypeTableViewCell.xib in Resources */,
				E9531A002197EBFF00980985 /* SurveysViewController.xib in Resources */,
				E9F423A721CF0C6C00F1DB5D /* SurveyParticipationViewController.xib in Resources */,
				E95319D021978EA500980985 /* Assets.xcassets in Resources */,
				E90210D221D888FE00BC83DF /* SurveyShareTableViewController.storyboard in Resources */,
				E991C94C21CDE60D008F3509 /* SurveyOptionsViewController.xib in Resources */,
				E9F4239321CEE33100F1DB5D /* TextFieldTableViewCell.xib in Resources */,
				E9F4239F21CF075A00F1DB5D /* BooleanTableViewCell.xib in Resources */,
				E991C95521CDF428008F3509 /* SurveyTitleViewController.xib in Resources */,
			);
			runOnlyForDeploymentPostprocessing = 0;
		};
		E95319D721978EA600980985 /* Resources */ = {
			isa = PBXResourcesBuildPhase;
			buildActionMask = 2147483647;
			files = (
			);
			runOnlyForDeploymentPostprocessing = 0;
		};
/* End PBXResourcesBuildPhase section */

/* Begin PBXShellScriptBuildPhase section */
		1E687EDCCF6139DAAB2C65FF /* [CP] Check Pods Manifest.lock */ = {
			isa = PBXShellScriptBuildPhase;
			buildActionMask = 2147483647;
			files = (
			);
			inputPaths = (
				"${PODS_PODFILE_DIR_PATH}/Podfile.lock",
				"${PODS_ROOT}/Manifest.lock",
			);
			name = "[CP] Check Pods Manifest.lock";
			outputPaths = (
				"$(DERIVED_FILE_DIR)/Pods-QR ScoresTests-checkManifestLockResult.txt",
			);
			runOnlyForDeploymentPostprocessing = 0;
			shellPath = /bin/sh;
			shellScript = "diff \"${PODS_PODFILE_DIR_PATH}/Podfile.lock\" \"${PODS_ROOT}/Manifest.lock\" > /dev/null\nif [ $? != 0 ] ; then\n    # print error to STDERR\n    echo \"error: The sandbox is not in sync with the Podfile.lock. Run 'pod install' or update your CocoaPods installation.\" >&2\n    exit 1\nfi\n# This output is used by Xcode 'outputs' to avoid re-running this script phase.\necho \"SUCCESS\" > \"${SCRIPT_OUTPUT_FILE_0}\"\n";
			showEnvVarsInLog = 0;
		};
		C95909499D8877CACAF0B5D6 /* [CP] Embed Pods Frameworks */ = {
			isa = PBXShellScriptBuildPhase;
			buildActionMask = 2147483647;
			files = (
			);
			inputPaths = (
				"${SRCROOT}/Pods/Target Support Files/Pods-QR Scores/Pods-QR Scores-frameworks.sh",
				"${BUILT_PRODUCTS_DIR}/Alamofire/Alamofire.framework",
				"${BUILT_PRODUCTS_DIR}/Moya/Moya.framework",
				"${BUILT_PRODUCTS_DIR}/Result/Result.framework",
				"${BUILT_PRODUCTS_DIR}/SwiftyJSON/SwiftyJSON.framework",
			);
			name = "[CP] Embed Pods Frameworks";
			outputPaths = (
				"${TARGET_BUILD_DIR}/${FRAMEWORKS_FOLDER_PATH}/Alamofire.framework",
				"${TARGET_BUILD_DIR}/${FRAMEWORKS_FOLDER_PATH}/Moya.framework",
				"${TARGET_BUILD_DIR}/${FRAMEWORKS_FOLDER_PATH}/Result.framework",
				"${TARGET_BUILD_DIR}/${FRAMEWORKS_FOLDER_PATH}/SwiftyJSON.framework",
			);
			runOnlyForDeploymentPostprocessing = 0;
			shellPath = /bin/sh;
			shellScript = "\"${SRCROOT}/Pods/Target Support Files/Pods-QR Scores/Pods-QR Scores-frameworks.sh\"\n";
			showEnvVarsInLog = 0;
		};
		CE96F83F9594EBDB3376ED09 /* [CP] Check Pods Manifest.lock */ = {
			isa = PBXShellScriptBuildPhase;
			buildActionMask = 2147483647;
			files = (
			);
			inputPaths = (
				"${PODS_PODFILE_DIR_PATH}/Podfile.lock",
				"${PODS_ROOT}/Manifest.lock",
			);
			name = "[CP] Check Pods Manifest.lock";
			outputPaths = (
				"$(DERIVED_FILE_DIR)/Pods-QR Scores-checkManifestLockResult.txt",
			);
			runOnlyForDeploymentPostprocessing = 0;
			shellPath = /bin/sh;
			shellScript = "diff \"${PODS_PODFILE_DIR_PATH}/Podfile.lock\" \"${PODS_ROOT}/Manifest.lock\" > /dev/null\nif [ $? != 0 ] ; then\n    # print error to STDERR\n    echo \"error: The sandbox is not in sync with the Podfile.lock. Run 'pod install' or update your CocoaPods installation.\" >&2\n    exit 1\nfi\n# This output is used by Xcode 'outputs' to avoid re-running this script phase.\necho \"SUCCESS\" > \"${SCRIPT_OUTPUT_FILE_0}\"\n";
			showEnvVarsInLog = 0;
		};
/* End PBXShellScriptBuildPhase section */

/* Begin PBXSourcesBuildPhase section */
		E95319C121978EA200980985 /* Sources */ = {
			isa = PBXSourcesBuildPhase;
			buildActionMask = 2147483647;
			files = (
				E9A91C2421B9D693007BBF6F /* StringExtensions.swift in Sources */,
				E9531A0F2198C73300980985 /* PDFGenerator.swift in Sources */,
				E90210D021D8886300BC83DF /* SurveyShareTableViewController.swift in Sources */,
				E9531A062197FF7700980985 /* ReactiveBox.swift in Sources */,
				E991C95821CDF728008F3509 /* SurveyDescriptionViewController.swift in Sources */,
				E90210D521D88B0900BC83DF /* QRCodeOperation.swift in Sources */,
				E9F4239D21CF075A00F1DB5D /* BooleanTableViewCell.swift in Sources */,
				E934F2D621B7163400553138 /* Survey.swift in Sources */,
				E90210D721D88DC200BC83DF /* SurveyShareViewModel.swift in Sources */,
				E9531A042197FBC500980985 /* APISurvey.swift in Sources */,
				E9F4239521CEFFA200F1DB5D /* UniversalExtensions+String.swift in Sources */,
				E934F2D121B7159400553138 /* CreateSurveyManager.swift in Sources */,
				E9F423B221CF135F00F1DB5D /* SurveyTabViewController.swift in Sources */,
				E9F423B821CF185E00F1DB5D /* SurveyParticipantsForSliderHistogramViewController.swift in Sources */,
				E9531A122198DD8500980985 /* SurveyDetailedViewController.swift in Sources */,
				E991C93621CDD01E008F3509 /* Coordinator.swift in Sources */,
				E95319CB21978EA200980985 /* LoginRegisterViewController.swift in Sources */,
				E95319EE219790A500980985 /* InternalAPIEndpoints.swift in Sources */,
				E95319F22197A7AE00980985 /* InternalAPI.swift in Sources */,
				E991C95421CDF428008F3509 /* SurveyTitleViewController.swift in Sources */,
				E9F423A921CF0EAA00F1DB5D /* DetailedSurveyManager.swift in Sources */,
				E9F423B421CF180B00F1DB5D /* SurveyParticipantsForLikeDislikeViewController.swift in Sources */,
				E9531A0D2198BB6900980985 /* QRGenerator.swift in Sources */,
				E934F2D421B7162300553138 /* User.swift in Sources */,
				E9531A152198E17B00980985 /* CGSizeExtensions.swift in Sources */,
				E9F4239C21CF075A00F1DB5D /* SurveyTableViewCell.swift in Sources */,
				E991C94421CDE2EB008F3509 /* UITableViewExtensions.swift in Sources */,
				E95319F0219790A500980985 /* Service.swift in Sources */,
				E991C95F21CDFB41008F3509 /* UniversalExtensions+UIAlertController.swift in Sources */,
				E95319F62197DBD800980985 /* LoginViewModel.swift in Sources */,
				E95319FA2197E8FE00980985 /* Interfacable.swift in Sources */,
				E9F423A321CF07DA00F1DB5D /* SurveyDetailedTabBarViewController.swift in Sources */,
				E9F423AF21CF128E00F1DB5D /* SurveyInfoViewController.swift in Sources */,
				E991C93F21CDD458008F3509 /* SurveyTypeViewController.swift in Sources */,
				E9F423A621CF0C6C00F1DB5D /* SurveyParticipationViewController.swift in Sources */,
				E95319EF219790A500980985 /* Result.swift in Sources */,
				E9F423B621CF185300F1DB5D /* SurveyParticipantsForSliderAverageViewController.swift in Sources */,
				E95319F82197DD1800980985 /* UserPersistence.swift in Sources */,
				E9531A172198E34100980985 /* Survey+UIActivityViewController.swift in Sources */,
				E991C94221CDDF41008F3509 /* SurveyTypeNavigationController.swift in Sources */,
				E95319C921978EA200980985 /* AppDelegate.swift in Sources */,
				E9A91C2621B9FA39007BBF6F /* SurveyDescriptor.swift in Sources */,
				E95319FF2197EBFF00980985 /* SurveysViewController.swift in Sources */,
				E9531A022197EC1B00980985 /* SurveysViewModel.swift in Sources */,
				E991C95C21CDF94B008F3509 /* ReviewSurveyViewController.swift in Sources */,
				E98036D521C8E9E5002344C7 /* InfoPlist.swift in Sources */,
				E9F423AC21CF0F2400F1DB5D /* SurveyParticipantsForScanToVoteViewController.swift in Sources */,
				E95319F42197A84600980985 /* APIUser.swift in Sources */,
				E9F423A121CF075A00F1DB5D /* SurveyTypeTableViewCell.swift in Sources */,
				E991C94B21CDE60D008F3509 /* SurveyOptionsViewController.swift in Sources */,
				E9F4239221CEE33100F1DB5D /* TextFieldTableViewCell.swift in Sources */,
			);
			runOnlyForDeploymentPostprocessing = 0;
		};
		E95319D521978EA600980985 /* Sources */ = {
			isa = PBXSourcesBuildPhase;
			buildActionMask = 2147483647;
			files = (
				E95319DE21978EA600980985 /* QR_ScoresTests.swift in Sources */,
			);
			runOnlyForDeploymentPostprocessing = 0;
		};
/* End PBXSourcesBuildPhase section */

/* Begin PBXTargetDependency section */
		E95319DB21978EA600980985 /* PBXTargetDependency */ = {
			isa = PBXTargetDependency;
			target = E95319C421978EA200980985 /* QR Scores */;
			targetProxy = E95319DA21978EA600980985 /* PBXContainerItemProxy */;
		};
/* End PBXTargetDependency section */

/* Begin PBXVariantGroup section */
		E95319D121978EA500980985 /* LaunchScreen.storyboard */ = {
			isa = PBXVariantGroup;
			children = (
				E95319D221978EA500980985 /* Base */,
			);
			name = LaunchScreen.storyboard;
			sourceTree = "<group>";
		};
/* End PBXVariantGroup section */

/* Begin XCBuildConfiguration section */
		E95319E021978EA600980985 /* Development */ = {
			isa = XCBuildConfiguration;
			buildSettings = {
				ALWAYS_SEARCH_USER_PATHS = NO;
				CLANG_ANALYZER_NONNULL = YES;
				CLANG_ANALYZER_NUMBER_OBJECT_CONVERSION = YES_AGGRESSIVE;
				CLANG_CXX_LANGUAGE_STANDARD = "gnu++14";
				CLANG_CXX_LIBRARY = "libc++";
				CLANG_ENABLE_MODULES = YES;
				CLANG_ENABLE_OBJC_ARC = YES;
				CLANG_ENABLE_OBJC_WEAK = YES;
				CLANG_WARN_BLOCK_CAPTURE_AUTORELEASING = YES;
				CLANG_WARN_BOOL_CONVERSION = YES;
				CLANG_WARN_COMMA = YES;
				CLANG_WARN_CONSTANT_CONVERSION = YES;
				CLANG_WARN_DEPRECATED_OBJC_IMPLEMENTATIONS = YES;
				CLANG_WARN_DIRECT_OBJC_ISA_USAGE = YES_ERROR;
				CLANG_WARN_DOCUMENTATION_COMMENTS = YES;
				CLANG_WARN_EMPTY_BODY = YES;
				CLANG_WARN_ENUM_CONVERSION = YES;
				CLANG_WARN_INFINITE_RECURSION = YES;
				CLANG_WARN_INT_CONVERSION = YES;
				CLANG_WARN_NON_LITERAL_NULL_CONVERSION = YES;
				CLANG_WARN_OBJC_IMPLICIT_RETAIN_SELF = YES;
				CLANG_WARN_OBJC_LITERAL_CONVERSION = YES;
				CLANG_WARN_OBJC_ROOT_CLASS = YES_ERROR;
				CLANG_WARN_RANGE_LOOP_ANALYSIS = YES;
				CLANG_WARN_STRICT_PROTOTYPES = YES;
				CLANG_WARN_SUSPICIOUS_MOVE = YES;
				CLANG_WARN_UNGUARDED_AVAILABILITY = YES_AGGRESSIVE;
				CLANG_WARN_UNREACHABLE_CODE = YES;
				CLANG_WARN__DUPLICATE_METHOD_MATCH = YES;
				CODE_SIGN_IDENTITY = "iPhone Developer";
				COPY_PHASE_STRIP = NO;
				DEBUG_INFORMATION_FORMAT = dwarf;
				ENABLE_STRICT_OBJC_MSGSEND = YES;
				ENABLE_TESTABILITY = YES;
				GCC_C_LANGUAGE_STANDARD = gnu11;
				GCC_DYNAMIC_NO_PIC = NO;
				GCC_NO_COMMON_BLOCKS = YES;
				GCC_OPTIMIZATION_LEVEL = 0;
				GCC_PREPROCESSOR_DEFINITIONS = (
					"DEBUG=1",
					"$(inherited)",
				);
				GCC_WARN_64_TO_32_BIT_CONVERSION = YES;
				GCC_WARN_ABOUT_RETURN_TYPE = YES_ERROR;
				GCC_WARN_UNDECLARED_SELECTOR = YES;
				GCC_WARN_UNINITIALIZED_AUTOS = YES_AGGRESSIVE;
				GCC_WARN_UNUSED_FUNCTION = YES;
				GCC_WARN_UNUSED_VARIABLE = YES;
				IPHONEOS_DEPLOYMENT_TARGET = 12.0;
				MTL_ENABLE_DEBUG_INFO = INCLUDE_SOURCE;
				MTL_FAST_MATH = YES;
				ONLY_ACTIVE_ARCH = YES;
				SDKROOT = iphoneos;
				SWIFT_ACTIVE_COMPILATION_CONDITIONS = DEBUG;
				SWIFT_OPTIMIZATION_LEVEL = "-Onone";
			};
			name = Development;
		};
		E95319E121978EA600980985 /* Release */ = {
			isa = XCBuildConfiguration;
			buildSettings = {
				ALWAYS_SEARCH_USER_PATHS = NO;
				CLANG_ANALYZER_NONNULL = YES;
				CLANG_ANALYZER_NUMBER_OBJECT_CONVERSION = YES_AGGRESSIVE;
				CLANG_CXX_LANGUAGE_STANDARD = "gnu++14";
				CLANG_CXX_LIBRARY = "libc++";
				CLANG_ENABLE_MODULES = YES;
				CLANG_ENABLE_OBJC_ARC = YES;
				CLANG_ENABLE_OBJC_WEAK = YES;
				CLANG_WARN_BLOCK_CAPTURE_AUTORELEASING = YES;
				CLANG_WARN_BOOL_CONVERSION = YES;
				CLANG_WARN_COMMA = YES;
				CLANG_WARN_CONSTANT_CONVERSION = YES;
				CLANG_WARN_DEPRECATED_OBJC_IMPLEMENTATIONS = YES;
				CLANG_WARN_DIRECT_OBJC_ISA_USAGE = YES_ERROR;
				CLANG_WARN_DOCUMENTATION_COMMENTS = YES;
				CLANG_WARN_EMPTY_BODY = YES;
				CLANG_WARN_ENUM_CONVERSION = YES;
				CLANG_WARN_INFINITE_RECURSION = YES;
				CLANG_WARN_INT_CONVERSION = YES;
				CLANG_WARN_NON_LITERAL_NULL_CONVERSION = YES;
				CLANG_WARN_OBJC_IMPLICIT_RETAIN_SELF = YES;
				CLANG_WARN_OBJC_LITERAL_CONVERSION = YES;
				CLANG_WARN_OBJC_ROOT_CLASS = YES_ERROR;
				CLANG_WARN_RANGE_LOOP_ANALYSIS = YES;
				CLANG_WARN_STRICT_PROTOTYPES = YES;
				CLANG_WARN_SUSPICIOUS_MOVE = YES;
				CLANG_WARN_UNGUARDED_AVAILABILITY = YES_AGGRESSIVE;
				CLANG_WARN_UNREACHABLE_CODE = YES;
				CLANG_WARN__DUPLICATE_METHOD_MATCH = YES;
				CODE_SIGN_IDENTITY = "iPhone Developer";
				COPY_PHASE_STRIP = NO;
				DEBUG_INFORMATION_FORMAT = "dwarf-with-dsym";
				ENABLE_NS_ASSERTIONS = NO;
				ENABLE_STRICT_OBJC_MSGSEND = YES;
				GCC_C_LANGUAGE_STANDARD = gnu11;
				GCC_NO_COMMON_BLOCKS = YES;
				GCC_WARN_64_TO_32_BIT_CONVERSION = YES;
				GCC_WARN_ABOUT_RETURN_TYPE = YES_ERROR;
				GCC_WARN_UNDECLARED_SELECTOR = YES;
				GCC_WARN_UNINITIALIZED_AUTOS = YES_AGGRESSIVE;
				GCC_WARN_UNUSED_FUNCTION = YES;
				GCC_WARN_UNUSED_VARIABLE = YES;
				IPHONEOS_DEPLOYMENT_TARGET = 12.0;
				MTL_ENABLE_DEBUG_INFO = NO;
				MTL_FAST_MATH = YES;
				SDKROOT = iphoneos;
				SWIFT_COMPILATION_MODE = wholemodule;
				SWIFT_OPTIMIZATION_LEVEL = "-O";
				VALIDATE_PRODUCT = YES;
			};
			name = Release;
		};
		E95319E321978EA600980985 /* Development */ = {
			isa = XCBuildConfiguration;
			baseConfigurationReference = E98036D921C8EA6A002344C7 /* Development.xcconfig */;
			buildSettings = {
				ASSETCATALOG_COMPILER_APPICON_NAME = AppIcon;
				CODE_SIGN_STYLE = Automatic;
				DEVELOPMENT_TEAM = 8U3L6K9JA6;
				INFOPLIST_FILE = "QR Scores/Info.plist";
				LD_RUNPATH_SEARCH_PATHS = (
					"$(inherited)",
					"@executable_path/Frameworks",
				);
				PRODUCT_BUNDLE_IDENTIFIER = "com.linniergames.qr-scores";
				PRODUCT_NAME = "$(TARGET_NAME)";
				SWIFT_VERSION = 4.2;
				TARGETED_DEVICE_FAMILY = "1,2";
			};
			name = Development;
		};
		E95319E421978EA600980985 /* Release */ = {
			isa = XCBuildConfiguration;
			baseConfigurationReference = E98036DB21C8EB5D002344C7 /* Release.xcconfig */;
			buildSettings = {
				ASSETCATALOG_COMPILER_APPICON_NAME = AppIcon;
				CODE_SIGN_STYLE = Automatic;
				DEVELOPMENT_TEAM = 8U3L6K9JA6;
				INFOPLIST_FILE = "QR Scores/Info.plist";
				LD_RUNPATH_SEARCH_PATHS = (
					"$(inherited)",
					"@executable_path/Frameworks",
				);
				PRODUCT_BUNDLE_IDENTIFIER = "com.linniergames.qr-scores";
				PRODUCT_NAME = "$(TARGET_NAME)";
				SWIFT_VERSION = 4.2;
				TARGETED_DEVICE_FAMILY = "1,2";
			};
			name = Release;
		};
		E95319E621978EA600980985 /* Development */ = {
			isa = XCBuildConfiguration;
			baseConfigurationReference = BC6DCC3E46FB1D993C99C172 /* Pods-QR ScoresTests.development.xcconfig */;
			buildSettings = {
				ALWAYS_EMBED_SWIFT_STANDARD_LIBRARIES = YES;
				BUNDLE_LOADER = "$(TEST_HOST)";
				CODE_SIGN_STYLE = Automatic;
				DEVELOPMENT_TEAM = 8U3L6K9JA6;
				INFOPLIST_FILE = "QR ScoresTests/Info.plist";
				LD_RUNPATH_SEARCH_PATHS = (
					"$(inherited)",
					"@executable_path/Frameworks",
					"@loader_path/Frameworks",
				);
				PRODUCT_BUNDLE_IDENTIFIER = "com.linniergames.QR-ScoresTests";
				PRODUCT_NAME = "$(TARGET_NAME)";
				SWIFT_VERSION = 4.2;
				TARGETED_DEVICE_FAMILY = "1,2";
				TEST_HOST = "$(BUILT_PRODUCTS_DIR)/QR Scores.app/QR Scores";
			};
			name = Development;
		};
		E95319E721978EA600980985 /* Release */ = {
			isa = XCBuildConfiguration;
			baseConfigurationReference = F5300C66B0DF1962B84A16AE /* Pods-QR ScoresTests.release.xcconfig */;
			buildSettings = {
				ALWAYS_EMBED_SWIFT_STANDARD_LIBRARIES = YES;
				BUNDLE_LOADER = "$(TEST_HOST)";
				CODE_SIGN_STYLE = Automatic;
				DEVELOPMENT_TEAM = 8U3L6K9JA6;
				INFOPLIST_FILE = "QR ScoresTests/Info.plist";
				LD_RUNPATH_SEARCH_PATHS = (
					"$(inherited)",
					"@executable_path/Frameworks",
					"@loader_path/Frameworks",
				);
				PRODUCT_BUNDLE_IDENTIFIER = "com.linniergames.QR-ScoresTests";
				PRODUCT_NAME = "$(TARGET_NAME)";
				SWIFT_VERSION = 4.2;
				TARGETED_DEVICE_FAMILY = "1,2";
				TEST_HOST = "$(BUILT_PRODUCTS_DIR)/QR Scores.app/QR Scores";
			};
			name = Release;
		};
		E98036D621C8EA43002344C7 /* Production */ = {
			isa = XCBuildConfiguration;
			buildSettings = {
				ALWAYS_SEARCH_USER_PATHS = NO;
				CLANG_ANALYZER_NONNULL = YES;
				CLANG_ANALYZER_NUMBER_OBJECT_CONVERSION = YES_AGGRESSIVE;
				CLANG_CXX_LANGUAGE_STANDARD = "gnu++14";
				CLANG_CXX_LIBRARY = "libc++";
				CLANG_ENABLE_MODULES = YES;
				CLANG_ENABLE_OBJC_ARC = YES;
				CLANG_ENABLE_OBJC_WEAK = YES;
				CLANG_WARN_BLOCK_CAPTURE_AUTORELEASING = YES;
				CLANG_WARN_BOOL_CONVERSION = YES;
				CLANG_WARN_COMMA = YES;
				CLANG_WARN_CONSTANT_CONVERSION = YES;
				CLANG_WARN_DEPRECATED_OBJC_IMPLEMENTATIONS = YES;
				CLANG_WARN_DIRECT_OBJC_ISA_USAGE = YES_ERROR;
				CLANG_WARN_DOCUMENTATION_COMMENTS = YES;
				CLANG_WARN_EMPTY_BODY = YES;
				CLANG_WARN_ENUM_CONVERSION = YES;
				CLANG_WARN_INFINITE_RECURSION = YES;
				CLANG_WARN_INT_CONVERSION = YES;
				CLANG_WARN_NON_LITERAL_NULL_CONVERSION = YES;
				CLANG_WARN_OBJC_IMPLICIT_RETAIN_SELF = YES;
				CLANG_WARN_OBJC_LITERAL_CONVERSION = YES;
				CLANG_WARN_OBJC_ROOT_CLASS = YES_ERROR;
				CLANG_WARN_RANGE_LOOP_ANALYSIS = YES;
				CLANG_WARN_STRICT_PROTOTYPES = YES;
				CLANG_WARN_SUSPICIOUS_MOVE = YES;
				CLANG_WARN_UNGUARDED_AVAILABILITY = YES_AGGRESSIVE;
				CLANG_WARN_UNREACHABLE_CODE = YES;
				CLANG_WARN__DUPLICATE_METHOD_MATCH = YES;
				CODE_SIGN_IDENTITY = "iPhone Developer";
				COPY_PHASE_STRIP = NO;
				DEBUG_INFORMATION_FORMAT = dwarf;
				ENABLE_STRICT_OBJC_MSGSEND = YES;
				ENABLE_TESTABILITY = YES;
				GCC_C_LANGUAGE_STANDARD = gnu11;
				GCC_DYNAMIC_NO_PIC = NO;
				GCC_NO_COMMON_BLOCKS = YES;
				GCC_OPTIMIZATION_LEVEL = 0;
				GCC_PREPROCESSOR_DEFINITIONS = (
					"DEBUG=1",
					"$(inherited)",
				);
				GCC_WARN_64_TO_32_BIT_CONVERSION = YES;
				GCC_WARN_ABOUT_RETURN_TYPE = YES_ERROR;
				GCC_WARN_UNDECLARED_SELECTOR = YES;
				GCC_WARN_UNINITIALIZED_AUTOS = YES_AGGRESSIVE;
				GCC_WARN_UNUSED_FUNCTION = YES;
				GCC_WARN_UNUSED_VARIABLE = YES;
				IPHONEOS_DEPLOYMENT_TARGET = 12.0;
				MTL_ENABLE_DEBUG_INFO = INCLUDE_SOURCE;
				MTL_FAST_MATH = YES;
				ONLY_ACTIVE_ARCH = YES;
				SDKROOT = iphoneos;
				SWIFT_ACTIVE_COMPILATION_CONDITIONS = DEBUG;
				SWIFT_OPTIMIZATION_LEVEL = "-Onone";
			};
			name = Production;
		};
		E98036D721C8EA43002344C7 /* Production */ = {
			isa = XCBuildConfiguration;
			baseConfigurationReference = E98036DA21C8EABD002344C7 /* Production.xcconfig */;
			buildSettings = {
				ASSETCATALOG_COMPILER_APPICON_NAME = AppIcon;
				CODE_SIGN_STYLE = Automatic;
				DEVELOPMENT_TEAM = 8U3L6K9JA6;
				INFOPLIST_FILE = "QR Scores/Info.plist";
				LD_RUNPATH_SEARCH_PATHS = (
					"$(inherited)",
					"@executable_path/Frameworks",
				);
				PRODUCT_BUNDLE_IDENTIFIER = "com.linniergames.qr-scores";
				PRODUCT_NAME = "$(TARGET_NAME)";
				SWIFT_VERSION = 4.2;
				TARGETED_DEVICE_FAMILY = "1,2";
			};
			name = Production;
		};
		E98036D821C8EA43002344C7 /* Production */ = {
			isa = XCBuildConfiguration;
			baseConfigurationReference = F2BCC4CF97A941A3F6FB3B01 /* Pods-QR ScoresTests.production.xcconfig */;
			buildSettings = {
				ALWAYS_EMBED_SWIFT_STANDARD_LIBRARIES = YES;
				BUNDLE_LOADER = "$(TEST_HOST)";
				CODE_SIGN_STYLE = Automatic;
				DEVELOPMENT_TEAM = 8U3L6K9JA6;
				INFOPLIST_FILE = "QR ScoresTests/Info.plist";
				LD_RUNPATH_SEARCH_PATHS = (
					"$(inherited)",
					"@executable_path/Frameworks",
					"@loader_path/Frameworks",
				);
				PRODUCT_BUNDLE_IDENTIFIER = "com.linniergames.QR-ScoresTests";
				PRODUCT_NAME = "$(TARGET_NAME)";
				SWIFT_VERSION = 4.2;
				TARGETED_DEVICE_FAMILY = "1,2";
				TEST_HOST = "$(BUILT_PRODUCTS_DIR)/QR Scores.app/QR Scores";
			};
			name = Production;
		};
/* End XCBuildConfiguration section */

/* Begin XCConfigurationList section */
		E95319C021978EA200980985 /* Build configuration list for PBXProject "QR Scores" */ = {
			isa = XCConfigurationList;
			buildConfigurations = (
				E95319E021978EA600980985 /* Development */,
				E98036D621C8EA43002344C7 /* Production */,
				E95319E121978EA600980985 /* Release */,
			);
			defaultConfigurationIsVisible = 0;
			defaultConfigurationName = Release;
		};
		E95319E221978EA600980985 /* Build configuration list for PBXNativeTarget "QR Scores" */ = {
			isa = XCConfigurationList;
			buildConfigurations = (
				E95319E321978EA600980985 /* Development */,
				E98036D721C8EA43002344C7 /* Production */,
				E95319E421978EA600980985 /* Release */,
			);
			defaultConfigurationIsVisible = 0;
			defaultConfigurationName = Release;
		};
		E95319E521978EA600980985 /* Build configuration list for PBXNativeTarget "QR ScoresTests" */ = {
			isa = XCConfigurationList;
			buildConfigurations = (
				E95319E621978EA600980985 /* Development */,
				E98036D821C8EA43002344C7 /* Production */,
				E95319E721978EA600980985 /* Release */,
			);
			defaultConfigurationIsVisible = 0;
			defaultConfigurationName = Release;
		};
/* End XCConfigurationList section */
	};
	rootObject = E95319BD21978EA200980985 /* Project object */;
}
